// !$*UTF8*$!
{
	archiveVersion = 1;
	classes = {
	};
	objectVersion = 46;
	objects = {

/* Begin PBXBuildFile section */
		4A742BB11A8827CB001EF898 /* dictionary.m in Sources */ = {isa = PBXBuildFile; fileRef = 4A742BB01A8827CB001EF898 /* dictionary.m */; };
		9D0AD2CF1A8AF4CB00660F48 /* GroupNameViewController.swift in Sources */ = {isa = PBXBuildFile; fileRef = 9D0AD2CE1A8AF4CB00660F48 /* GroupNameViewController.swift */; };
		9D0AD2D11A8AF4D800660F48 /* SchoolSelectionViewController.swift in Sources */ = {isa = PBXBuildFile; fileRef = 9D0AD2D01A8AF4D800660F48 /* SchoolSelectionViewController.swift */; };
		9D0AD2D31A8AF4DF00660F48 /* SubmitDataViewController.swift in Sources */ = {isa = PBXBuildFile; fileRef = 9D0AD2D21A8AF4DF00660F48 /* SubmitDataViewController.swift */; };
		9D6540891A816F7C00F45F4B /* AppDelegate.swift in Sources */ = {isa = PBXBuildFile; fileRef = 9D6540881A816F7C00F45F4B /* AppDelegate.swift */; };
		9D6540901A816F7C00F45F4B /* Images.xcassets in Resources */ = {isa = PBXBuildFile; fileRef = 9D65408F1A816F7C00F45F4B /* Images.xcassets */; };
		9D6540931A816F7C00F45F4B /* LaunchScreen.xib in Resources */ = {isa = PBXBuildFile; fileRef = 9D6540911A816F7C00F45F4B /* LaunchScreen.xib */; };
		9D65409F1A816F7C00F45F4B /* NavigationDataTests.swift in Sources */ = {isa = PBXBuildFile; fileRef = 9D65409E1A816F7C00F45F4B /* NavigationDataTests.swift */; };
		9D6540A91A8170CF00F45F4B /* Main.storyboard in Resources */ = {isa = PBXBuildFile; fileRef = 9D6540A81A8170CF00F45F4B /* Main.storyboard */; };
		9D6540AD1A81710100F45F4B /* ResponsiveTextFieldViewController.swift in Sources */ = {isa = PBXBuildFile; fileRef = 9D6540AC1A81710100F45F4B /* ResponsiveTextFieldViewController.swift */; };
		9D6540B51A81760C00F45F4B /* ViewController.swift in Sources */ = {isa = PBXBuildFile; fileRef = 9D6540B41A81760C00F45F4B /* ViewController.swift */; };
		9DA065351A9B872B00AD4A9D /* CompletedViewController.swift in Sources */ = {isa = PBXBuildFile; fileRef = 9DA065341A9B872B00AD4A9D /* CompletedViewController.swift */; };
		B81578A41A9D8489003CD980 /* NavigatorDataViewController.swift in Sources */ = {isa = PBXBuildFile; fileRef = B81578A31A9D8489003CD980 /* NavigatorDataViewController.swift */; };
		B8417BC31A9D95E50074F55D /* SwiftyJSON.swift in Sources */ = {isa = PBXBuildFile; fileRef = B8417BC21A9D95E50074F55D /* SwiftyJSON.swift */; };
		F9A7BF721A9D5E5D00F01BDC /* CoreLocation.framework in Frameworks */ = {isa = PBXBuildFile; fileRef = F9A7BF711A9D5E5D00F01BDC /* CoreLocation.framework */; };
/* End PBXBuildFile section */

/* Begin PBXContainerItemProxy section */
		9D6540991A816F7C00F45F4B /* PBXContainerItemProxy */ = {
			isa = PBXContainerItemProxy;
			containerPortal = 9D65407B1A816F7C00F45F4B /* Project object */;
			proxyType = 1;
			remoteGlobalIDString = 9D6540821A816F7C00F45F4B;
			remoteInfo = NavigationData;
		};
/* End PBXContainerItemProxy section */

/* Begin PBXFileReference section */
		4A742BAE1A88277B001EF898 /* dictionary.h */ = {isa = PBXFileReference; lastKnownFileType = sourcecode.c.h; path = dictionary.h; sourceTree = "<group>"; };
		4A742BAF1A8827CB001EF898 /* NavigationData-Bridging-Header.h */ = {isa = PBXFileReference; lastKnownFileType = sourcecode.c.h; path = "NavigationData-Bridging-Header.h"; sourceTree = "<group>"; };
		4A742BB01A8827CB001EF898 /* dictionary.m */ = {isa = PBXFileReference; fileEncoding = 4; lastKnownFileType = sourcecode.c.objc; path = dictionary.m; sourceTree = "<group>"; };
		9D0AD2CE1A8AF4CB00660F48 /* GroupNameViewController.swift */ = {isa = PBXFileReference; fileEncoding = 4; lastKnownFileType = sourcecode.swift; path = GroupNameViewController.swift; sourceTree = "<group>"; };
		9D0AD2D01A8AF4D800660F48 /* SchoolSelectionViewController.swift */ = {isa = PBXFileReference; fileEncoding = 4; lastKnownFileType = sourcecode.swift; path = SchoolSelectionViewController.swift; sourceTree = "<group>"; };
		9D0AD2D21A8AF4DF00660F48 /* SubmitDataViewController.swift */ = {isa = PBXFileReference; fileEncoding = 4; lastKnownFileType = sourcecode.swift; path = SubmitDataViewController.swift; sourceTree = "<group>"; };
		9D6540831A816F7C00F45F4B /* NavigationData.app */ = {isa = PBXFileReference; explicitFileType = wrapper.application; includeInIndex = 0; path = NavigationData.app; sourceTree = BUILT_PRODUCTS_DIR; };
		9D6540871A816F7C00F45F4B /* Info.plist */ = {isa = PBXFileReference; lastKnownFileType = text.plist.xml; path = Info.plist; sourceTree = "<group>"; };
		9D6540881A816F7C00F45F4B /* AppDelegate.swift */ = {isa = PBXFileReference; lastKnownFileType = sourcecode.swift; path = AppDelegate.swift; sourceTree = "<group>"; };
		9D65408F1A816F7C00F45F4B /* Images.xcassets */ = {isa = PBXFileReference; lastKnownFileType = folder.assetcatalog; path = Images.xcassets; sourceTree = "<group>"; };
		9D6540921A816F7C00F45F4B /* Base */ = {isa = PBXFileReference; lastKnownFileType = file.xib; name = Base; path = Base.lproj/LaunchScreen.xib; sourceTree = "<group>"; };
		9D6540981A816F7C00F45F4B /* NavigationDataTests.xctest */ = {isa = PBXFileReference; explicitFileType = wrapper.cfbundle; includeInIndex = 0; path = NavigationDataTests.xctest; sourceTree = BUILT_PRODUCTS_DIR; };
		9D65409D1A816F7C00F45F4B /* Info.plist */ = {isa = PBXFileReference; lastKnownFileType = text.plist.xml; path = Info.plist; sourceTree = "<group>"; };
		9D65409E1A816F7C00F45F4B /* NavigationDataTests.swift */ = {isa = PBXFileReference; lastKnownFileType = sourcecode.swift; path = NavigationDataTests.swift; sourceTree = "<group>"; };
		9D6540A81A8170CF00F45F4B /* Main.storyboard */ = {isa = PBXFileReference; fileEncoding = 4; lastKnownFileType = file.storyboard; path = Main.storyboard; sourceTree = "<group>"; };
		9D6540AC1A81710100F45F4B /* ResponsiveTextFieldViewController.swift */ = {isa = PBXFileReference; fileEncoding = 4; lastKnownFileType = sourcecode.swift; path = ResponsiveTextFieldViewController.swift; sourceTree = "<group>"; };
		9D6540B41A81760C00F45F4B /* ViewController.swift */ = {isa = PBXFileReference; fileEncoding = 4; lastKnownFileType = sourcecode.swift; path = ViewController.swift; sourceTree = "<group>"; };
		9DA065341A9B872B00AD4A9D /* CompletedViewController.swift */ = {isa = PBXFileReference; fileEncoding = 4; lastKnownFileType = sourcecode.swift; path = CompletedViewController.swift; sourceTree = "<group>"; };
		B81578A31A9D8489003CD980 /* NavigatorDataViewController.swift */ = {isa = PBXFileReference; fileEncoding = 4; lastKnownFileType = sourcecode.swift; path = NavigatorDataViewController.swift; sourceTree = "<group>"; };
		B8417BC21A9D95E50074F55D /* SwiftyJSON.swift */ = {isa = PBXFileReference; fileEncoding = 4; lastKnownFileType = sourcecode.swift; path = SwiftyJSON.swift; sourceTree = "<group>"; };
		F9A7BF711A9D5E5D00F01BDC /* CoreLocation.framework */ = {isa = PBXFileReference; lastKnownFileType = wrapper.framework; name = CoreLocation.framework; path = System/Library/Frameworks/CoreLocation.framework; sourceTree = SDKROOT; };
/* End PBXFileReference section */

/* Begin PBXFrameworksBuildPhase section */
		9D6540801A816F7C00F45F4B /* Frameworks */ = {
			isa = PBXFrameworksBuildPhase;
			buildActionMask = 2147483647;
			files = (
				F9A7BF721A9D5E5D00F01BDC /* CoreLocation.framework in Frameworks */,
			);
			runOnlyForDeploymentPostprocessing = 0;
		};
		9D6540951A816F7C00F45F4B /* Frameworks */ = {
			isa = PBXFrameworksBuildPhase;
			buildActionMask = 2147483647;
			files = (
			);
			runOnlyForDeploymentPostprocessing = 0;
		};
/* End PBXFrameworksBuildPhase section */

/* Begin PBXGroup section */
		9D65407A1A816F7C00F45F4B = {
			isa = PBXGroup;
			children = (
				F9A7BF711A9D5E5D00F01BDC /* CoreLocation.framework */,
				9D6540851A816F7C00F45F4B /* NavigationData */,
				9D65409B1A816F7C00F45F4B /* NavigationDataTests */,
				9D6540841A816F7C00F45F4B /* Products */,
			);
			sourceTree = "<group>";
		};
		9D6540841A816F7C00F45F4B /* Products */ = {
			isa = PBXGroup;
			children = (
				9D6540831A816F7C00F45F4B /* NavigationData.app */,
				9D6540981A816F7C00F45F4B /* NavigationDataTests.xctest */,
			);
			name = Products;
			sourceTree = "<group>";
		};
		9D6540851A816F7C00F45F4B /* NavigationData */ = {
			isa = PBXGroup;
			children = (
				B8417BC21A9D95E50074F55D /* SwiftyJSON.swift */,
				B81578A31A9D8489003CD980 /* NavigatorDataViewController.swift */,
				9D6540B41A81760C00F45F4B /* ViewController.swift */,
				9D0AD2CE1A8AF4CB00660F48 /* GroupNameViewController.swift */,
				9D0AD2D01A8AF4D800660F48 /* SchoolSelectionViewController.swift */,
				9D0AD2D21A8AF4DF00660F48 /* SubmitDataViewController.swift */,
				9DA065341A9B872B00AD4A9D /* CompletedViewController.swift */,
				9D6540AC1A81710100F45F4B /* ResponsiveTextFieldViewController.swift */,
				9D6540881A816F7C00F45F4B /* AppDelegate.swift */,
				9D6540A81A8170CF00F45F4B /* Main.storyboard */,
				9D65408F1A816F7C00F45F4B /* Images.xcassets */,
				9D6540911A816F7C00F45F4B /* LaunchScreen.xib */,
				9D6540861A816F7C00F45F4B /* Supporting Files */,
				4A742BAE1A88277B001EF898 /* dictionary.h */,
				4A742BB01A8827CB001EF898 /* dictionary.m */,
				4A742BAF1A8827CB001EF898 /* NavigationData-Bridging-Header.h */,
			);
			path = NavigationData;
			sourceTree = "<group>";
		};
		9D6540861A816F7C00F45F4B /* Supporting Files */ = {
			isa = PBXGroup;
			children = (
				9D6540871A816F7C00F45F4B /* Info.plist */,
			);
			name = "Supporting Files";
			sourceTree = "<group>";
		};
		9D65409B1A816F7C00F45F4B /* NavigationDataTests */ = {
			isa = PBXGroup;
			children = (
				9D65409E1A816F7C00F45F4B /* NavigationDataTests.swift */,
				9D65409C1A816F7C00F45F4B /* Supporting Files */,
			);
			path = NavigationDataTests;
			sourceTree = "<group>";
		};
		9D65409C1A816F7C00F45F4B /* Supporting Files */ = {
			isa = PBXGroup;
			children = (
				9D65409D1A816F7C00F45F4B /* Info.plist */,
			);
			name = "Supporting Files";
			sourceTree = "<group>";
		};
/* End PBXGroup section */

/* Begin PBXNativeTarget section */
		9D6540821A816F7C00F45F4B /* NavigationData */ = {
			isa = PBXNativeTarget;
			buildConfigurationList = 9D6540A21A816F7C00F45F4B /* Build configuration list for PBXNativeTarget "NavigationData" */;
			buildPhases = (
				9D65407F1A816F7C00F45F4B /* Sources */,
				9D6540801A816F7C00F45F4B /* Frameworks */,
				9D6540811A816F7C00F45F4B /* Resources */,
			);
			buildRules = (
			);
			dependencies = (
			);
			name = NavigationData;
			productName = NavigationData;
			productReference = 9D6540831A816F7C00F45F4B /* NavigationData.app */;
			productType = "com.apple.product-type.application";
		};
		9D6540971A816F7C00F45F4B /* NavigationDataTests */ = {
			isa = PBXNativeTarget;
			buildConfigurationList = 9D6540A51A816F7C00F45F4B /* Build configuration list for PBXNativeTarget "NavigationDataTests" */;
			buildPhases = (
				9D6540941A816F7C00F45F4B /* Sources */,
				9D6540951A816F7C00F45F4B /* Frameworks */,
				9D6540961A816F7C00F45F4B /* Resources */,
			);
			buildRules = (
			);
			dependencies = (
				9D65409A1A816F7C00F45F4B /* PBXTargetDependency */,
			);
			name = NavigationDataTests;
			productName = NavigationDataTests;
			productReference = 9D6540981A816F7C00F45F4B /* NavigationDataTests.xctest */;
			productType = "com.apple.product-type.bundle.unit-test";
		};
/* End PBXNativeTarget section */

/* Begin PBXProject section */
		9D65407B1A816F7C00F45F4B /* Project object */ = {
			isa = PBXProject;
			attributes = {
				LastUpgradeCheck = 0610;
				ORGANIZATIONNAME = "Chips&Tea";
				TargetAttributes = {
					9D6540821A816F7C00F45F4B = {
						CreatedOnToolsVersion = 6.1.1;
					};
					9D6540971A816F7C00F45F4B = {
						CreatedOnToolsVersion = 6.1.1;
						TestTargetID = 9D6540821A816F7C00F45F4B;
					};
				};
			};
			buildConfigurationList = 9D65407E1A816F7C00F45F4B /* Build configuration list for PBXProject "NavigationData" */;
			compatibilityVersion = "Xcode 3.2";
			developmentRegion = English;
			hasScannedForEncodings = 0;
			knownRegions = (
				en,
				Base,
			);
			mainGroup = 9D65407A1A816F7C00F45F4B;
			productRefGroup = 9D6540841A816F7C00F45F4B /* Products */;
			projectDirPath = "";
			projectRoot = "";
			targets = (
				9D6540821A816F7C00F45F4B /* NavigationData */,
				9D6540971A816F7C00F45F4B /* NavigationDataTests */,
			);
		};
/* End PBXProject section */

/* Begin PBXResourcesBuildPhase section */
		9D6540811A816F7C00F45F4B /* Resources */ = {
			isa = PBXResourcesBuildPhase;
			buildActionMask = 2147483647;
			files = (
				9D6540931A816F7C00F45F4B /* LaunchScreen.xib in Resources */,
				9D6540901A816F7C00F45F4B /* Images.xcassets in Resources */,
				9D6540A91A8170CF00F45F4B /* Main.storyboard in Resources */,
			);
			runOnlyForDeploymentPostprocessing = 0;
		};
		9D6540961A816F7C00F45F4B /* Resources */ = {
			isa = PBXResourcesBuildPhase;
			buildActionMask = 2147483647;
			files = (
			);
			runOnlyForDeploymentPostprocessing = 0;
		};
/* End PBXResourcesBuildPhase section */

/* Begin PBXSourcesBuildPhase section */
		9D65407F1A816F7C00F45F4B /* Sources */ = {
			isa = PBXSourcesBuildPhase;
			buildActionMask = 2147483647;
			files = (
				9D0AD2D11A8AF4D800660F48 /* SchoolSelectionViewController.swift in Sources */,
				4A742BB11A8827CB001EF898 /* dictionary.m in Sources */,
				B81578A41A9D8489003CD980 /* NavigatorDataViewController.swift in Sources */,
				B8417BC31A9D95E50074F55D /* SwiftyJSON.swift in Sources */,
				9D6540AD1A81710100F45F4B /* ResponsiveTextFieldViewController.swift in Sources */,
				9D6540B51A81760C00F45F4B /* ViewController.swift in Sources */,
				9D6540891A816F7C00F45F4B /* AppDelegate.swift in Sources */,
				9DA065351A9B872B00AD4A9D /* CompletedViewController.swift in Sources */,
				9D0AD2D31A8AF4DF00660F48 /* SubmitDataViewController.swift in Sources */,
				9D0AD2CF1A8AF4CB00660F48 /* GroupNameViewController.swift in Sources */,
			);
			runOnlyForDeploymentPostprocessing = 0;
		};
		9D6540941A816F7C00F45F4B /* Sources */ = {
			isa = PBXSourcesBuildPhase;
			buildActionMask = 2147483647;
			files = (
				9D65409F1A816F7C00F45F4B /* NavigationDataTests.swift in Sources */,
			);
			runOnlyForDeploymentPostprocessing = 0;
		};
/* End PBXSourcesBuildPhase section */

/* Begin PBXTargetDependency section */
		9D65409A1A816F7C00F45F4B /* PBXTargetDependency */ = {
			isa = PBXTargetDependency;
			target = 9D6540821A816F7C00F45F4B /* NavigationData */;
			targetProxy = 9D6540991A816F7C00F45F4B /* PBXContainerItemProxy */;
		};
/* End PBXTargetDependency section */

/* Begin PBXVariantGroup section */
		9D6540911A816F7C00F45F4B /* LaunchScreen.xib */ = {
			isa = PBXVariantGroup;
			children = (
				9D6540921A816F7C00F45F4B /* Base */,
			);
			name = LaunchScreen.xib;
			sourceTree = "<group>";
		};
/* End PBXVariantGroup section */

/* Begin XCBuildConfiguration section */
		9D6540A01A816F7C00F45F4B /* Debug */ = {
			isa = XCBuildConfiguration;
			buildSettings = {
				ALWAYS_SEARCH_USER_PATHS = NO;
				CLANG_CXX_LANGUAGE_STANDARD = "gnu++0x";
				CLANG_CXX_LIBRARY = "libc++";
				CLANG_ENABLE_MODULES = YES;
				CLANG_ENABLE_OBJC_ARC = YES;
				CLANG_WARN_BOOL_CONVERSION = YES;
				CLANG_WARN_CONSTANT_CONVERSION = YES;
				CLANG_WARN_DIRECT_OBJC_ISA_USAGE = YES_ERROR;
				CLANG_WARN_EMPTY_BODY = YES;
				CLANG_WARN_ENUM_CONVERSION = YES;
				CLANG_WARN_INT_CONVERSION = YES;
				CLANG_WARN_OBJC_ROOT_CLASS = YES_ERROR;
				CLANG_WARN_UNREACHABLE_CODE = YES;
				CLANG_WARN__DUPLICATE_METHOD_MATCH = YES;
				"CODE_SIGN_IDENTITY[sdk=iphoneos*]" = "iPhone Developer";
				COPY_PHASE_STRIP = NO;
				ENABLE_STRICT_OBJC_MSGSEND = YES;
				GCC_C_LANGUAGE_STANDARD = gnu99;
				GCC_DYNAMIC_NO_PIC = NO;
				GCC_OPTIMIZATION_LEVEL = 0;
				GCC_PREPROCESSOR_DEFINITIONS = (
					"DEBUG=1",
					"$(inherited)",
				);
				GCC_SYMBOLS_PRIVATE_EXTERN = NO;
				GCC_WARN_64_TO_32_BIT_CONVERSION = YES;
				GCC_WARN_ABOUT_RETURN_TYPE = YES_ERROR;
				GCC_WARN_UNDECLARED_SELECTOR = YES;
				GCC_WARN_UNINITIALIZED_AUTOS = YES_AGGRESSIVE;
				GCC_WARN_UNUSED_FUNCTION = YES;
				GCC_WARN_UNUSED_VARIABLE = YES;
				IPHONEOS_DEPLOYMENT_TARGET = 8.1;
				MTL_ENABLE_DEBUG_INFO = YES;
				ONLY_ACTIVE_ARCH = YES;
				SDKROOT = iphoneos;
				SWIFT_OPTIMIZATION_LEVEL = "-Onone";
				TARGETED_DEVICE_FAMILY = 2;
			};
			name = Debug;
		};
		9D6540A11A816F7C00F45F4B /* Release */ = {
			isa = XCBuildConfiguration;
			buildSettings = {
				ALWAYS_SEARCH_USER_PATHS = NO;
				CLANG_CXX_LANGUAGE_STANDARD = "gnu++0x";
				CLANG_CXX_LIBRARY = "libc++";
				CLANG_ENABLE_MODULES = YES;
				CLANG_ENABLE_OBJC_ARC = YES;
				CLANG_WARN_BOOL_CONVERSION = YES;
				CLANG_WARN_CONSTANT_CONVERSION = YES;
				CLANG_WARN_DIRECT_OBJC_ISA_USAGE = YES_ERROR;
				CLANG_WARN_EMPTY_BODY = YES;
				CLANG_WARN_ENUM_CONVERSION = YES;
				CLANG_WARN_INT_CONVERSION = YES;
				CLANG_WARN_OBJC_ROOT_CLASS = YES_ERROR;
				CLANG_WARN_UNREACHABLE_CODE = YES;
				CLANG_WARN__DUPLICATE_METHOD_MATCH = YES;
				"CODE_SIGN_IDENTITY[sdk=iphoneos*]" = "iPhone Developer";
				COPY_PHASE_STRIP = YES;
				ENABLE_NS_ASSERTIONS = NO;
				ENABLE_STRICT_OBJC_MSGSEND = YES;
				GCC_C_LANGUAGE_STANDARD = gnu99;
				GCC_WARN_64_TO_32_BIT_CONVERSION = YES;
				GCC_WARN_ABOUT_RETURN_TYPE = YES_ERROR;
				GCC_WARN_UNDECLARED_SELECTOR = YES;
				GCC_WARN_UNINITIALIZED_AUTOS = YES_AGGRESSIVE;
				GCC_WARN_UNUSED_FUNCTION = YES;
				GCC_WARN_UNUSED_VARIABLE = YES;
				IPHONEOS_DEPLOYMENT_TARGET = 8.1;
				MTL_ENABLE_DEBUG_INFO = NO;
				SDKROOT = iphoneos;
				TARGETED_DEVICE_FAMILY = 2;
				VALIDATE_PRODUCT = YES;
			};
			name = Release;
		};
		9D6540A31A816F7C00F45F4B /* Debug */ = {
			isa = XCBuildConfiguration;
			buildSettings = {
				ASSETCATALOG_COMPILER_APPICON_NAME = AppIcon;
				CLANG_ENABLE_MODULES = YES;
				INFOPLIST_FILE = NavigationData/Info.plist;
				LD_RUNPATH_SEARCH_PATHS = "$(inherited) @executable_path/Frameworks";
				PRODUCT_NAME = "$(TARGET_NAME)";
				SWIFT_OBJC_BRIDGING_HEADER = "NavigationData/NavigationData-Bridging-Header.h";
				SWIFT_OPTIMIZATION_LEVEL = "-Onone";
			};
			name = Debug;
		};
		9D6540A41A816F7C00F45F4B /* Release */ = {
			isa = XCBuildConfiguration;
			buildSettings = {
				ASSETCATALOG_COMPILER_APPICON_NAME = AppIcon;
				CLANG_ENABLE_MODULES = YES;
				INFOPLIST_FILE = NavigationData/Info.plist;
				LD_RUNPATH_SEARCH_PATHS = "$(inherited) @executable_path/Frameworks";
				PRODUCT_NAME = "$(TARGET_NAME)";
				SWIFT_OBJC_BRIDGING_HEADER = "NavigationData/NavigationData-Bridging-Header.h";
			};
			name = Release;
		};
		9D6540A61A816F7C00F45F4B /* Debug */ = {
			isa = XCBuildConfiguration;
			buildSettings = {
				BUNDLE_LOADER = "$(TEST_HOST)";
				FRAMEWORK_SEARCH_PATHS = (
					"$(SDKROOT)/Developer/Library/Frameworks",
					"$(inherited)",
				);
				GCC_PREPROCESSOR_DEFINITIONS = (
					"DEBUG=1",
					"$(inherited)",
				);
				INFOPLIST_FILE = NavigationDataTests/Info.plist;
				LD_RUNPATH_SEARCH_PATHS = "$(inherited) @executable_path/Frameworks @loader_path/Frameworks";
				PRODUCT_NAME = "$(TARGET_NAME)";
				TEST_HOST = "$(BUILT_PRODUCTS_DIR)/NavigationData.app/NavigationData";
			};
			name = Debug;
		};
		9D6540A71A816F7C00F45F4B /* Release */ = {
			isa = XCBuildConfiguration;
			buildSettings = {
				BUNDLE_LOADER = "$(TEST_HOST)";
				FRAMEWORK_SEARCH_PATHS = (
					"$(SDKROOT)/Developer/Library/Frameworks",
					"$(inherited)",
				);
				INFOPLIST_FILE = NavigationDataTests/Info.plist;
				LD_RUNPATH_SEARCH_PATHS = "$(inherited) @executable_path/Frameworks @loader_path/Frameworks";
				PRODUCT_NAME = "$(TARGET_NAME)";
				TEST_HOST = "$(BUILT_PRODUCTS_DIR)/NavigationData.app/NavigationData";
			};
			name = Release;
		};
/* End XCBuildConfiguration section */

/* Begin XCConfigurationList section */
		9D65407E1A816F7C00F45F4B /* Build configuration list for PBXProject "NavigationData" */ = {
			isa = XCConfigurationList;
			buildConfigurations = (
				9D6540A01A816F7C00F45F4B /* Debug */,
				9D6540A11A816F7C00F45F4B /* Release */,
			);
			defaultConfigurationIsVisible = 0;
			defaultConfigurationName = Release;
		};
		9D6540A21A816F7C00F45F4B /* Build configuration list for PBXNativeTarget "NavigationData" */ = {
			isa = XCConfigurationList;
			buildConfigurations = (
				9D6540A31A816F7C00F45F4B /* Debug */,
				9D6540A41A816F7C00F45F4B /* Release */,
			);
			defaultConfigurationIsVisible = 0;
			defaultConfigurationName = Release;
		};
		9D6540A51A816F7C00F45F4B /* Build configuration list for PBXNativeTarget "NavigationDataTests" */ = {
			isa = XCConfigurationList;
			buildConfigurations = (
				9D6540A61A816F7C00F45F4B /* Debug */,
				9D6540A71A816F7C00F45F4B /* Release */,
			);
			defaultConfigurationIsVisible = 0;
			defaultConfigurationName = Release;
		};
/* End XCConfigurationList section */
	};
	rootObject = 9D65407B1A816F7C00F45F4B /* Project object */;
}
